// !$*UTF8*$!
{
	archiveVersion = 1;
	classes = {
	};
	objectVersion = 48;
	objects = {

/* Begin PBXBuildFile section */
		3D2DFFAD203DD2C40050E7C3 /* Mocha.cpp in Sources */ = {isa = PBXBuildFile; fileRef = 3D733C0120336CEB006C8694 /* Mocha.cpp */; };
		3D733BEE20336ACF006C8694 /* HouseBlend.cpp in Sources */ = {isa = PBXBuildFile; fileRef = 3D733BEC20336ACF006C8694 /* HouseBlend.cpp */; };
		3D733BF120336AE2006C8694 /* DarkRoast.cpp in Sources */ = {isa = PBXBuildFile; fileRef = 3D733BEF20336AE2006C8694 /* DarkRoast.cpp */; };
		3D733BF420336AED006C8694 /* Decaf.cpp in Sources */ = {isa = PBXBuildFile; fileRef = 3D733BF220336AED006C8694 /* Decaf.cpp */; };
		3D8F2FFC203CE6A300CEF165 /* Whip.cpp in Sources */ = {isa = PBXBuildFile; fileRef = 3D733C0720336D05006C8694 /* Whip.cpp */; };
		3D8F2FFD203CE78800CEF165 /* Soy.cpp in Sources */ = {isa = PBXBuildFile; fileRef = 3D733C0420336CFB006C8694 /* Soy.cpp */; };
		3DE5F6FD20324CC50033BA18 /* Espresso.cpp in Sources */ = {isa = PBXBuildFile; fileRef = 3DE5F6FB20324CC50033BA18 /* Espresso.cpp */; };
		B66DFE0F20273C7400C180B4 /* main.cpp in Sources */ = {isa = PBXBuildFile; fileRef = B66DFE0E20273C7400C180B4 /* main.cpp */; };
/* End PBXBuildFile section */

/* Begin PBXCopyFilesBuildPhase section */
		B66DFE0920273C7400C180B4 /* CopyFiles */ = {
			isa = PBXCopyFilesBuildPhase;
			buildActionMask = 2147483647;
			dstPath = /usr/share/man/man1/;
			dstSubfolderSpec = 0;
			files = (
			);
			runOnlyForDeploymentPostprocessing = 1;
		};
/* End PBXCopyFilesBuildPhase section */

/* Begin PBXFileReference section */
		3D733BEC20336ACF006C8694 /* HouseBlend.cpp */ = {isa = PBXFileReference; lastKnownFileType = sourcecode.cpp.cpp; path = HouseBlend.cpp; sourceTree = "<group>"; };
		3D733BED20336ACF006C8694 /* HouseBlend.hpp */ = {isa = PBXFileReference; lastKnownFileType = sourcecode.cpp.h; path = HouseBlend.hpp; sourceTree = "<group>"; };
		3D733BEF20336AE2006C8694 /* DarkRoast.cpp */ = {isa = PBXFileReference; lastKnownFileType = sourcecode.cpp.cpp; path = DarkRoast.cpp; sourceTree = "<group>"; };
		3D733BF020336AE2006C8694 /* DarkRoast.hpp */ = {isa = PBXFileReference; lastKnownFileType = sourcecode.cpp.h; path = DarkRoast.hpp; sourceTree = "<group>"; };
		3D733BF220336AED006C8694 /* Decaf.cpp */ = {isa = PBXFileReference; lastKnownFileType = sourcecode.cpp.cpp; path = Decaf.cpp; sourceTree = "<group>"; };
		3D733BF320336AED006C8694 /* Decaf.hpp */ = {isa = PBXFileReference; lastKnownFileType = sourcecode.cpp.h; path = Decaf.hpp; sourceTree = "<group>"; };
		3D733BFB20336C49006C8694 /* Milk.hpp */ = {isa = PBXFileReference; fileEncoding = 4; lastKnownFileType = sourcecode.cpp.h; path = Milk.hpp; sourceTree = "<group>"; };
		3D733BFC20336C49006C8694 /* CondimentDecorator.hpp */ = {isa = PBXFileReference; fileEncoding = 4; lastKnownFileType = sourcecode.cpp.h; path = CondimentDecorator.hpp; sourceTree = "<group>"; };
		3D733BFE20336C49006C8694 /* Milk.cpp */ = {isa = PBXFileReference; fileEncoding = 4; lastKnownFileType = sourcecode.cpp.cpp; path = Milk.cpp; sourceTree = "<group>"; };
		3D733C0120336CEB006C8694 /* Mocha.cpp */ = {isa = PBXFileReference; lastKnownFileType = sourcecode.cpp.cpp; path = Mocha.cpp; sourceTree = "<group>"; };
		3D733C0220336CEB006C8694 /* Mocha.hpp */ = {isa = PBXFileReference; lastKnownFileType = sourcecode.cpp.h; path = Mocha.hpp; sourceTree = "<group>"; };
		3D733C0420336CFB006C8694 /* Soy.cpp */ = {isa = PBXFileReference; lastKnownFileType = sourcecode.cpp.cpp; path = Soy.cpp; sourceTree = "<group>"; };
		3D733C0520336CFB006C8694 /* Soy.hpp */ = {isa = PBXFileReference; lastKnownFileType = sourcecode.cpp.h; path = Soy.hpp; sourceTree = "<group>"; };
		3D733C0720336D05006C8694 /* Whip.cpp */ = {isa = PBXFileReference; lastKnownFileType = sourcecode.cpp.cpp; path = Whip.cpp; sourceTree = "<group>"; };
		3D733C0820336D05006C8694 /* Whip.hpp */ = {isa = PBXFileReference; lastKnownFileType = sourcecode.cpp.h; path = Whip.hpp; sourceTree = "<group>"; };
		3DE5F6F6203248FE0033BA18 /* Beverage.hpp */ = {isa = PBXFileReference; lastKnownFileType = sourcecode.cpp.h; path = Beverage.hpp; sourceTree = "<group>"; };
		3DE5F6FB20324CC50033BA18 /* Espresso.cpp */ = {isa = PBXFileReference; lastKnownFileType = sourcecode.cpp.cpp; path = Espresso.cpp; sourceTree = "<group>"; };
		3DE5F6FC20324CC50033BA18 /* Espresso.hpp */ = {isa = PBXFileReference; lastKnownFileType = sourcecode.cpp.h; path = Espresso.hpp; sourceTree = "<group>"; };
		B66DFE0B20273C7400C180B4 /* Decorator Pattern */ = {isa = PBXFileReference; explicitFileType = "compiled.mach-o.executable"; includeInIndex = 0; path = "Decorator Pattern"; sourceTree = BUILT_PRODUCTS_DIR; };
		B66DFE0E20273C7400C180B4 /* main.cpp */ = {isa = PBXFileReference; lastKnownFileType = sourcecode.cpp.cpp; path = main.cpp; sourceTree = "<group>"; };
/* End PBXFileReference section */

/* Begin PBXFrameworksBuildPhase section */
		B66DFE0820273C7400C180B4 /* Frameworks */ = {
			isa = PBXFrameworksBuildPhase;
			buildActionMask = 2147483647;
			files = (
			);
			runOnlyForDeploymentPostprocessing = 0;
		};
/* End PBXFrameworksBuildPhase section */

/* Begin PBXGroup section */
		3D733BF520336BAF006C8694 /* Beverages */ = {
			isa = PBXGroup;
			children = (
				3DE5F6F6203248FE0033BA18 /* Beverage.hpp */,
				3D733BEF20336AE2006C8694 /* DarkRoast.cpp */,
				3D733BF020336AE2006C8694 /* DarkRoast.hpp */,
				3D733BF220336AED006C8694 /* Decaf.cpp */,
				3D733BF320336AED006C8694 /* Decaf.hpp */,
				3DE5F6FB20324CC50033BA18 /* Espresso.cpp */,
				3DE5F6FC20324CC50033BA18 /* Espresso.hpp */,
				3D733BEC20336ACF006C8694 /* HouseBlend.cpp */,
				3D733BED20336ACF006C8694 /* HouseBlend.hpp */,
			);
			name = Beverages;
			sourceTree = "<group>";
		};
		3D733BFA20336C23006C8694 /* Condiments */ = {
			isa = PBXGroup;
			children = (
				3D733BFC20336C49006C8694 /* CondimentDecorator.hpp */,
				3D733BFE20336C49006C8694 /* Milk.cpp */,
				3D733BFB20336C49006C8694 /* Milk.hpp */,
				3D733C0120336CEB006C8694 /* Mocha.cpp */,
				3D733C0220336CEB006C8694 /* Mocha.hpp */,
				3D733C0420336CFB006C8694 /* Soy.cpp */,
				3D733C0520336CFB006C8694 /* Soy.hpp */,
				3D733C0720336D05006C8694 /* Whip.cpp */,
				3D733C0820336D05006C8694 /* Whip.hpp */,
			);
			name = Condiments;
			sourceTree = "<group>";
		};
		B66DFE0220273C7400C180B4 = {
			isa = PBXGroup;
			children = (
				B66DFE0D20273C7400C180B4 /* Decorator Pattern */,
				B66DFE0C20273C7400C180B4 /* Products */,
			);
			sourceTree = "<group>";
		};
		B66DFE0C20273C7400C180B4 /* Products */ = {
			isa = PBXGroup;
			children = (
				B66DFE0B20273C7400C180B4 /* Decorator Pattern */,
			);
			name = Products;
			sourceTree = "<group>";
		};
		B66DFE0D20273C7400C180B4 /* Decorator Pattern */ = {
			isa = PBXGroup;
			children = (
				3D733BF520336BAF006C8694 /* Beverages */,
				3D733BFA20336C23006C8694 /* Condiments */,
				B66DFE0E20273C7400C180B4 /* main.cpp */,
			);
			path = "Decorator Pattern";
			sourceTree = "<group>";
		};
/* End PBXGroup section */

/* Begin PBXNativeTarget section */
		B66DFE0A20273C7400C180B4 /* Decorator Pattern */ = {
			isa = PBXNativeTarget;
			buildConfigurationList = B66DFE1220273C7400C180B4 /* Build configuration list for PBXNativeTarget "Decorator Pattern" */;
			buildPhases = (
				B66DFE0720273C7400C180B4 /* Sources */,
				B66DFE0820273C7400C180B4 /* Frameworks */,
				B66DFE0920273C7400C180B4 /* CopyFiles */,
			);
			buildRules = (
			);
			dependencies = (
			);
			name = "Decorator Pattern";
			productName = "Decorator Pattern";
			productReference = B66DFE0B20273C7400C180B4 /* Decorator Pattern */;
			productType = "com.apple.product-type.tool";
		};
/* End PBXNativeTarget section */

/* Begin PBXProject section */
		B66DFE0320273C7400C180B4 /* Project object */ = {
			isa = PBXProject;
			attributes = {
				LastUpgradeCheck = 0930;
				ORGANIZATIONNAME = "Brian Arnold";
				TargetAttributes = {
					B66DFE0A20273C7400C180B4 = {
						CreatedOnToolsVersion = 9.3;
						ProvisioningStyle = Automatic;
					};
				};
			};
			buildConfigurationList = B66DFE0620273C7400C180B4 /* Build configuration list for PBXProject "Decorator Pattern" */;
			compatibilityVersion = "Xcode 8.0";
			developmentRegion = en;
			hasScannedForEncodings = 0;
			knownRegions = (
				en,
			);
			mainGroup = B66DFE0220273C7400C180B4;
			productRefGroup = B66DFE0C20273C7400C180B4 /* Products */;
			projectDirPath = "";
			projectRoot = "";
			targets = (
				B66DFE0A20273C7400C180B4 /* Decorator Pattern */,
			);
		};
/* End PBXProject section */

/* Begin PBXSourcesBuildPhase section */
		B66DFE0720273C7400C180B4 /* Sources */ = {
			isa = PBXSourcesBuildPhase;
			buildActionMask = 2147483647;
			files = (
				3D733BF120336AE2006C8694 /* DarkRoast.cpp in Sources */,
				3D733BEE20336ACF006C8694 /* HouseBlend.cpp in Sources */,
				3D2DFFAD203DD2C40050E7C3 /* Mocha.cpp in Sources */,
				3D8F2FFD203CE78800CEF165 /* Soy.cpp in Sources */,
				3DE5F6FD20324CC50033BA18 /* Espresso.cpp in Sources */,
				3D8F2FFC203CE6A300CEF165 /* Whip.cpp in Sources */,
				B66DFE0F20273C7400C180B4 /* main.cpp in Sources */,
				3D733BF420336AED006C8694 /* Decaf.cpp in Sources */,
			);
			runOnlyForDeploymentPostprocessing = 0;
		};
/* End PBXSourcesBuildPhase section */

/* Begin XCBuildConfiguration section */
		B66DFE1020273C7400C180B4 /* Debug */ = {
			isa = XCBuildConfiguration;
			buildSettings = {
				ALWAYS_SEARCH_USER_PATHS = NO;
				CLANG_ANALYZER_NONNULL = YES;
				CLANG_ANALYZER_NUMBER_OBJECT_CONVERSION = YES_AGGRESSIVE;
				CLANG_CXX_LANGUAGE_STANDARD = "gnu++14";
				CLANG_CXX_LIBRARY = "libc++";
				CLANG_ENABLE_MODULES = YES;
				CLANG_ENABLE_OBJC_ARC = YES;
				CLANG_ENABLE_OBJC_WEAK = YES;
				CLANG_WARN_BLOCK_CAPTURE_AUTORELEASING = YES;
				CLANG_WARN_BOOL_CONVERSION = YES;
				CLANG_WARN_COMMA = YES;
				CLANG_WARN_CONSTANT_CONVERSION = YES;
				CLANG_WARN_DEPRECATED_OBJC_IMPLEMENTATIONS = YES;
				CLANG_WARN_DIRECT_OBJC_ISA_USAGE = YES_ERROR;
				CLANG_WARN_DOCUMENTATION_COMMENTS = YES;
				CLANG_WARN_EMPTY_BODY = YES;
				CLANG_WARN_ENUM_CONVERSION = YES;
				CLANG_WARN_INFINITE_RECURSION = YES;
				CLANG_WARN_INT_CONVERSION = YES;
				CLANG_WARN_NON_LITERAL_NULL_CONVERSION = YES;
				CLANG_WARN_OBJC_IMPLICIT_RETAIN_SELF = YES;
				CLANG_WARN_OBJC_LITERAL_CONVERSION = YES;
				CLANG_WARN_OBJC_ROOT_CLASS = YES_ERROR;
				CLANG_WARN_RANGE_LOOP_ANALYSIS = YES;
				CLANG_WARN_STRICT_PROTOTYPES = YES;
				CLANG_WARN_SUSPICIOUS_MOVE = YES;
				CLANG_WARN_UNGUARDED_AVAILABILITY = YES_AGGRESSIVE;
				CLANG_WARN_UNREACHABLE_CODE = YES;
				CLANG_WARN__DUPLICATE_METHOD_MATCH = YES;
				CODE_SIGN_IDENTITY = "-";
				COPY_PHASE_STRIP = NO;
				DEBUG_INFORMATION_FORMAT = dwarf;
				ENABLE_STRICT_OBJC_MSGSEND = YES;
				ENABLE_TESTABILITY = YES;
				GCC_C_LANGUAGE_STANDARD = gnu11;
				GCC_DYNAMIC_NO_PIC = NO;
				GCC_NO_COMMON_BLOCKS = YES;
				GCC_OPTIMIZATION_LEVEL = 0;
				GCC_PREPROCESSOR_DEFINITIONS = (
					"DEBUG=1",
					"$(inherited)",
				);
				GCC_WARN_64_TO_32_BIT_CONVERSION = YES;
				GCC_WARN_ABOUT_RETURN_TYPE = YES_ERROR;
				GCC_WARN_UNDECLARED_SELECTOR = YES;
				GCC_WARN_UNINITIALIZED_AUTOS = YES_AGGRESSIVE;
				GCC_WARN_UNUSED_FUNCTION = YES;
				GCC_WARN_UNUSED_VARIABLE = YES;
				MACOSX_DEPLOYMENT_TARGET = 10.13;
				MTL_ENABLE_DEBUG_INFO = YES;
				ONLY_ACTIVE_ARCH = YES;
				SDKROOT = macosx;
			};
			name = Debug;
		};
		B66DFE1120273C7400C180B4 /* Release */ = {
			isa = XCBuildConfiguration;
			buildSettings = {
				ALWAYS_SEARCH_USER_PATHS = NO;
				CLANG_ANALYZER_NONNULL = YES;
				CLANG_ANALYZER_NUMBER_OBJECT_CONVERSION = YES_AGGRESSIVE;
				CLANG_CXX_LANGUAGE_STANDARD = "gnu++14";
				CLANG_CXX_LIBRARY = "libc++";
				CLANG_ENABLE_MODULES = YES;
				CLANG_ENABLE_OBJC_ARC = YES;
				CLANG_ENABLE_OBJC_WEAK = YES;
				CLANG_WARN_BLOCK_CAPTURE_AUTORELEASING = YES;
				CLANG_WARN_BOOL_CONVERSION = YES;
				CLANG_WARN_COMMA = YES;
				CLANG_WARN_CONSTANT_CONVERSION = YES;
				CLANG_WARN_DEPRECATED_OBJC_IMPLEMENTATIONS = YES;
				CLANG_WARN_DIRECT_OBJC_ISA_USAGE = YES_ERROR;
				CLANG_WARN_DOCUMENTATION_COMMENTS = YES;
				CLANG_WARN_EMPTY_BODY = YES;
				CLANG_WARN_ENUM_CONVERSION = YES;
				CLANG_WARN_INFINITE_RECURSION = YES;
				CLANG_WARN_INT_CONVERSION = YES;
				CLANG_WARN_NON_LITERAL_NULL_CONVERSION = YES;
				CLANG_WARN_OBJC_IMPLICIT_RETAIN_SELF = YES;
				CLANG_WARN_OBJC_LITERAL_CONVERSION = YES;
				CLANG_WARN_OBJC_ROOT_CLASS = YES_ERROR;
				CLANG_WARN_RANGE_LOOP_ANALYSIS = YES;
				CLANG_WARN_STRICT_PROTOTYPES = YES;
				CLANG_WARN_SUSPICIOUS_MOVE = YES;
				CLANG_WARN_UNGUARDED_AVAILABILITY = YES_AGGRESSIVE;
				CLANG_WARN_UNREACHABLE_CODE = YES;
				CLANG_WARN__DUPLICATE_METHOD_MATCH = YES;
				CODE_SIGN_IDENTITY = "-";
				COPY_PHASE_STRIP = NO;
				DEBUG_INFORMATION_FORMAT = "dwarf-with-dsym";
				ENABLE_NS_ASSERTIONS = NO;
				ENABLE_STRICT_OBJC_MSGSEND = YES;
				GCC_C_LANGUAGE_STANDARD = gnu11;
				GCC_NO_COMMON_BLOCKS = YES;
				GCC_WARN_64_TO_32_BIT_CONVERSION = YES;
				GCC_WARN_ABOUT_RETURN_TYPE = YES_ERROR;
				GCC_WARN_UNDECLARED_SELECTOR = YES;
				GCC_WARN_UNINITIALIZED_AUTOS = YES_AGGRESSIVE;
				GCC_WARN_UNUSED_FUNCTION = YES;
				GCC_WARN_UNUSED_VARIABLE = YES;
				MACOSX_DEPLOYMENT_TARGET = 10.13;
				MTL_ENABLE_DEBUG_INFO = NO;
				SDKROOT = macosx;
			};
			name = Release;
		};
		B66DFE1320273C7400C180B4 /* Debug */ = {
			isa = XCBuildConfiguration;
			buildSettings = {
				CODE_SIGN_STYLE = Automatic;
				MACOSX_DEPLOYMENT_TARGET = 10.12;
				PRODUCT_NAME = "$(TARGET_NAME)";
			};
			name = Debug;
		};
		B66DFE1420273C7400C180B4 /* Release */ = {
			isa = XCBuildConfiguration;
			buildSettings = {
				CODE_SIGN_STYLE = Automatic;
				MACOSX_DEPLOYMENT_TARGET = 10.12;
				PRODUCT_NAME = "$(TARGET_NAME)";
			};
			name = Release;
		};
/* End XCBuildConfiguration section */

/* Begin XCConfigurationList section */
		B66DFE0620273C7400C180B4 /* Build configuration list for PBXProject "Decorator Pattern" */ = {
			isa = XCConfigurationList;
			buildConfigurations = (
				B66DFE1020273C7400C180B4 /* Debug */,
				B66DFE1120273C7400C180B4 /* Release */,
			);
			defaultConfigurationIsVisible = 0;
			defaultConfigurationName = Release;
		};
		B66DFE1220273C7400C180B4 /* Build configuration list for PBXNativeTarget "Decorator Pattern" */ = {
			isa = XCConfigurationList;
			buildConfigurations = (
				B66DFE1320273C7400C180B4 /* Debug */,
				B66DFE1420273C7400C180B4 /* Release */,
			);
			defaultConfigurationIsVisible = 0;
			defaultConfigurationName = Release;
		};
/* End XCConfigurationList section */
	};
	rootObject = B66DFE0320273C7400C180B4 /* Project object */;
}
