// !$*UTF8*$!
{
	archiveVersion = 1;
	classes = {
	};
	objectVersion = 48;
	objects = {

/* Begin PBXBuildFile section */
		B6030B8F205ACC3000AD83B7 /* CeilingFan.cpp in Sources */ = {isa = PBXBuildFile; fileRef = B6030B8D205ACC3000AD83B7 /* CeilingFan.cpp */; };
		B6030B92205AD9D400AD83B7 /* CeilingFanCommand.cpp in Sources */ = {isa = PBXBuildFile; fileRef = B6030B90205AD9D400AD83B7 /* CeilingFanCommand.cpp */; };
		B6030B95205AF98700AD83B7 /* GarageDoor.cpp in Sources */ = {isa = PBXBuildFile; fileRef = B6030B93205AF98700AD83B7 /* GarageDoor.cpp */; };
		B6030B98205AF9A000AD83B7 /* GarageDoorCloseCommand.cpp in Sources */ = {isa = PBXBuildFile; fileRef = B6030B96205AF9A000AD83B7 /* GarageDoorCloseCommand.cpp */; };
		B6030B9B205AF9B200AD83B7 /* GarageDoorOpenCommand.cpp in Sources */ = {isa = PBXBuildFile; fileRef = B6030B99205AF9B200AD83B7 /* GarageDoorOpenCommand.cpp */; };
		B6030B9E205B55CC00AD83B7 /* HotTub.cpp in Sources */ = {isa = PBXBuildFile; fileRef = B6030B9C205B55CC00AD83B7 /* HotTub.cpp */; };
		B6030BA7205B584800AD83B7 /* Light.cpp in Sources */ = {isa = PBXBuildFile; fileRef = B6030BA5205B584800AD83B7 /* Light.cpp */; };
		B6030BAA205B585A00AD83B7 /* LightDimCommand.cpp in Sources */ = {isa = PBXBuildFile; fileRef = B6030BA8205B585A00AD83B7 /* LightDimCommand.cpp */; };
		B6030BB3205BE0B300AD83B7 /* MacroCommand.cpp in Sources */ = {isa = PBXBuildFile; fileRef = B6030BB1205BE0B300AD83B7 /* MacroCommand.cpp */; };
		B6030BB6205BFE3200AD83B7 /* Stereo.cpp in Sources */ = {isa = PBXBuildFile; fileRef = B6030BB4205BFE3200AD83B7 /* Stereo.cpp */; };
		B6030BBF205BFE6600AD83B7 /* StereoOnWithCDCommand.cpp in Sources */ = {isa = PBXBuildFile; fileRef = B6030BBD205BFE6600AD83B7 /* StereoOnWithCDCommand.cpp */; };
		B6030BC2205C03EE00AD83B7 /* TV.cpp in Sources */ = {isa = PBXBuildFile; fileRef = B6030BC0205C03EE00AD83B7 /* TV.cpp */; };
		B6030BCB205C041700AD83B7 /* RemoteControlWithUndo.cpp in Sources */ = {isa = PBXBuildFile; fileRef = B6030BC9205C041700AD83B7 /* RemoteControlWithUndo.cpp */; };
		B694141C20273F82008A03E0 /* main.cpp in Sources */ = {isa = PBXBuildFile; fileRef = B694141B20273F82008A03E0 /* main.cpp */; };
/* End PBXBuildFile section */

/* Begin PBXCopyFilesBuildPhase section */
		B694141620273F82008A03E0 /* CopyFiles */ = {
			isa = PBXCopyFilesBuildPhase;
			buildActionMask = 2147483647;
			dstPath = /usr/share/man/man1/;
			dstSubfolderSpec = 0;
			files = (
			);
			runOnlyForDeploymentPostprocessing = 1;
		};
/* End PBXCopyFilesBuildPhase section */

/* Begin PBXFileReference section */
		B6030B8C205ACB9C00AD83B7 /* Command.hpp */ = {isa = PBXFileReference; lastKnownFileType = sourcecode.cpp.h; path = Command.hpp; sourceTree = "<group>"; };
		B6030B8D205ACC3000AD83B7 /* CeilingFan.cpp */ = {isa = PBXFileReference; lastKnownFileType = sourcecode.cpp.cpp; path = CeilingFan.cpp; sourceTree = "<group>"; };
		B6030B8E205ACC3000AD83B7 /* CeilingFan.hpp */ = {isa = PBXFileReference; lastKnownFileType = sourcecode.cpp.h; path = CeilingFan.hpp; sourceTree = "<group>"; };
		B6030B90205AD9D400AD83B7 /* CeilingFanCommand.cpp */ = {isa = PBXFileReference; lastKnownFileType = sourcecode.cpp.cpp; path = CeilingFanCommand.cpp; sourceTree = "<group>"; };
		B6030B91205AD9D400AD83B7 /* CeilingFanCommand.hpp */ = {isa = PBXFileReference; lastKnownFileType = sourcecode.cpp.h; path = CeilingFanCommand.hpp; sourceTree = "<group>"; };
		B6030B93205AF98700AD83B7 /* GarageDoor.cpp */ = {isa = PBXFileReference; lastKnownFileType = sourcecode.cpp.cpp; path = GarageDoor.cpp; sourceTree = "<group>"; };
		B6030B94205AF98700AD83B7 /* GarageDoor.hpp */ = {isa = PBXFileReference; lastKnownFileType = sourcecode.cpp.h; path = GarageDoor.hpp; sourceTree = "<group>"; };
		B6030B96205AF9A000AD83B7 /* GarageDoorCloseCommand.cpp */ = {isa = PBXFileReference; lastKnownFileType = sourcecode.cpp.cpp; path = GarageDoorCloseCommand.cpp; sourceTree = "<group>"; };
		B6030B97205AF9A000AD83B7 /* GarageDoorCloseCommand.hpp */ = {isa = PBXFileReference; lastKnownFileType = sourcecode.cpp.h; path = GarageDoorCloseCommand.hpp; sourceTree = "<group>"; };
		B6030B99205AF9B200AD83B7 /* GarageDoorOpenCommand.cpp */ = {isa = PBXFileReference; lastKnownFileType = sourcecode.cpp.cpp; path = GarageDoorOpenCommand.cpp; sourceTree = "<group>"; };
		B6030B9A205AF9B200AD83B7 /* GarageDoorOpenCommand.hpp */ = {isa = PBXFileReference; lastKnownFileType = sourcecode.cpp.h; path = GarageDoorOpenCommand.hpp; sourceTree = "<group>"; };
		B6030B9C205B55CC00AD83B7 /* HotTub.cpp */ = {isa = PBXFileReference; lastKnownFileType = sourcecode.cpp.cpp; path = HotTub.cpp; sourceTree = "<group>"; };
		B6030B9D205B55CC00AD83B7 /* HotTub.hpp */ = {isa = PBXFileReference; lastKnownFileType = sourcecode.cpp.h; path = HotTub.hpp; sourceTree = "<group>"; };
		B6030BA0205B55DC00AD83B7 /* HotTubOffCommand.hpp */ = {isa = PBXFileReference; lastKnownFileType = sourcecode.cpp.h; path = HotTubOffCommand.hpp; sourceTree = "<group>"; };
		B6030BA3205B55E800AD83B7 /* HotTubOnCommand.hpp */ = {isa = PBXFileReference; lastKnownFileType = sourcecode.cpp.h; path = HotTubOnCommand.hpp; sourceTree = "<group>"; };
		B6030BA5205B584800AD83B7 /* Light.cpp */ = {isa = PBXFileReference; lastKnownFileType = sourcecode.cpp.cpp; path = Light.cpp; sourceTree = "<group>"; };
		B6030BA6205B584800AD83B7 /* Light.hpp */ = {isa = PBXFileReference; lastKnownFileType = sourcecode.cpp.h; path = Light.hpp; sourceTree = "<group>"; };
		B6030BA8205B585A00AD83B7 /* LightDimCommand.cpp */ = {isa = PBXFileReference; lastKnownFileType = sourcecode.cpp.cpp; path = LightDimCommand.cpp; sourceTree = "<group>"; };
		B6030BA9205B585A00AD83B7 /* LightDimCommand.hpp */ = {isa = PBXFileReference; lastKnownFileType = sourcecode.cpp.h; path = LightDimCommand.hpp; sourceTree = "<group>"; };
		B6030BAC205B586400AD83B7 /* LightOffCommand.hpp */ = {isa = PBXFileReference; lastKnownFileType = sourcecode.cpp.h; path = LightOffCommand.hpp; sourceTree = "<group>"; };
		B6030BAF205B586E00AD83B7 /* LightOnCommand.hpp */ = {isa = PBXFileReference; lastKnownFileType = sourcecode.cpp.h; path = LightOnCommand.hpp; sourceTree = "<group>"; };
		B6030BB1205BE0B300AD83B7 /* MacroCommand.cpp */ = {isa = PBXFileReference; lastKnownFileType = sourcecode.cpp.cpp; path = MacroCommand.cpp; sourceTree = "<group>"; };
		B6030BB2205BE0B300AD83B7 /* MacroCommand.hpp */ = {isa = PBXFileReference; lastKnownFileType = sourcecode.cpp.h; path = MacroCommand.hpp; sourceTree = "<group>"; };
		B6030BB4205BFE3200AD83B7 /* Stereo.cpp */ = {isa = PBXFileReference; lastKnownFileType = sourcecode.cpp.cpp; path = Stereo.cpp; sourceTree = "<group>"; };
		B6030BB5205BFE3200AD83B7 /* Stereo.hpp */ = {isa = PBXFileReference; lastKnownFileType = sourcecode.cpp.h; path = Stereo.hpp; sourceTree = "<group>"; };
		B6030BB8205BFE4400AD83B7 /* StereoOnCommand.hpp */ = {isa = PBXFileReference; lastKnownFileType = sourcecode.cpp.h; path = StereoOnCommand.hpp; sourceTree = "<group>"; };
		B6030BBB205BFE5000AD83B7 /* StereoOffCommand.hpp */ = {isa = PBXFileReference; lastKnownFileType = sourcecode.cpp.h; path = StereoOffCommand.hpp; sourceTree = "<group>"; };
		B6030BBD205BFE6600AD83B7 /* StereoOnWithCDCommand.cpp */ = {isa = PBXFileReference; lastKnownFileType = sourcecode.cpp.cpp; path = StereoOnWithCDCommand.cpp; sourceTree = "<group>"; };
		B6030BBE205BFE6600AD83B7 /* StereoOnWithCDCommand.hpp */ = {isa = PBXFileReference; lastKnownFileType = sourcecode.cpp.h; path = StereoOnWithCDCommand.hpp; sourceTree = "<group>"; };
		B6030BC0205C03EE00AD83B7 /* TV.cpp */ = {isa = PBXFileReference; lastKnownFileType = sourcecode.cpp.cpp; path = TV.cpp; sourceTree = "<group>"; };
		B6030BC1205C03EE00AD83B7 /* TV.hpp */ = {isa = PBXFileReference; lastKnownFileType = sourcecode.cpp.h; path = TV.hpp; sourceTree = "<group>"; };
		B6030BC4205C03F800AD83B7 /* TVOffCommand.hpp */ = {isa = PBXFileReference; lastKnownFileType = sourcecode.cpp.h; path = TVOffCommand.hpp; sourceTree = "<group>"; };
		B6030BC7205C040200AD83B7 /* TVOnCommand.hpp */ = {isa = PBXFileReference; lastKnownFileType = sourcecode.cpp.h; path = TVOnCommand.hpp; sourceTree = "<group>"; };
		B6030BC9205C041700AD83B7 /* RemoteControlWithUndo.cpp */ = {isa = PBXFileReference; lastKnownFileType = sourcecode.cpp.cpp; path = RemoteControlWithUndo.cpp; sourceTree = "<group>"; };
		B6030BCA205C041700AD83B7 /* RemoteControlWithUndo.hpp */ = {isa = PBXFileReference; lastKnownFileType = sourcecode.cpp.h; path = RemoteControlWithUndo.hpp; sourceTree = "<group>"; };
		B6030BCD205C052E00AD83B7 /* NoCommand.hpp */ = {isa = PBXFileReference; lastKnownFileType = sourcecode.cpp.h; path = NoCommand.hpp; sourceTree = "<group>"; };
		B64C9101207A9C670037B98F /* OnOffCommand.hpp */ = {isa = PBXFileReference; lastKnownFileType = sourcecode.cpp.h; path = OnOffCommand.hpp; sourceTree = "<group>"; };
		B694141820273F82008A03E0 /* Command Pattern */ = {isa = PBXFileReference; explicitFileType = "compiled.mach-o.executable"; includeInIndex = 0; path = "Command Pattern"; sourceTree = BUILT_PRODUCTS_DIR; };
		B694141B20273F82008A03E0 /* main.cpp */ = {isa = PBXFileReference; lastKnownFileType = sourcecode.cpp.cpp; path = main.cpp; sourceTree = "<group>"; };
/* End PBXFileReference section */

/* Begin PBXFrameworksBuildPhase section */
		B694141520273F82008A03E0 /* Frameworks */ = {
			isa = PBXFrameworksBuildPhase;
			buildActionMask = 2147483647;
			files = (
			);
			runOnlyForDeploymentPostprocessing = 0;
		};
/* End PBXFrameworksBuildPhase section */

/* Begin PBXGroup section */
		B694140F20273F82008A03E0 = {
			isa = PBXGroup;
			children = (
				B694141A20273F82008A03E0 /* Command Pattern */,
				B694141920273F82008A03E0 /* Products */,
			);
			sourceTree = "<group>";
		};
		B694141920273F82008A03E0 /* Products */ = {
			isa = PBXGroup;
			children = (
				B694141820273F82008A03E0 /* Command Pattern */,
			);
			name = Products;
			sourceTree = "<group>";
		};
		B694141A20273F82008A03E0 /* Command Pattern */ = {
			isa = PBXGroup;
			children = (
				B694141B20273F82008A03E0 /* main.cpp */,
				B6030B8D205ACC3000AD83B7 /* CeilingFan.cpp */,
				B6030B8E205ACC3000AD83B7 /* CeilingFan.hpp */,
				B6030B90205AD9D400AD83B7 /* CeilingFanCommand.cpp */,
				B6030B91205AD9D400AD83B7 /* CeilingFanCommand.hpp */,
				B6030B8C205ACB9C00AD83B7 /* Command.hpp */,
				B6030B93205AF98700AD83B7 /* GarageDoor.cpp */,
				B6030B94205AF98700AD83B7 /* GarageDoor.hpp */,
				B6030B96205AF9A000AD83B7 /* GarageDoorCloseCommand.cpp */,
				B6030B97205AF9A000AD83B7 /* GarageDoorCloseCommand.hpp */,
				B6030B99205AF9B200AD83B7 /* GarageDoorOpenCommand.cpp */,
				B6030B9A205AF9B200AD83B7 /* GarageDoorOpenCommand.hpp */,
				B6030B9C205B55CC00AD83B7 /* HotTub.cpp */,
				B6030B9D205B55CC00AD83B7 /* HotTub.hpp */,
				B6030BA0205B55DC00AD83B7 /* HotTubOffCommand.hpp */,
				B6030BA3205B55E800AD83B7 /* HotTubOnCommand.hpp */,
				B6030BA5205B584800AD83B7 /* Light.cpp */,
				B6030BA6205B584800AD83B7 /* Light.hpp */,
				B6030BA8205B585A00AD83B7 /* LightDimCommand.cpp */,
				B6030BA9205B585A00AD83B7 /* LightDimCommand.hpp */,
				B6030BAC205B586400AD83B7 /* LightOffCommand.hpp */,
				B6030BAF205B586E00AD83B7 /* LightOnCommand.hpp */,
				B6030BB1205BE0B300AD83B7 /* MacroCommand.cpp */,
				B6030BB2205BE0B300AD83B7 /* MacroCommand.hpp */,
				B6030BCD205C052E00AD83B7 /* NoCommand.hpp */,
				B64C9101207A9C670037B98F /* OnOffCommand.hpp */,
				B6030BC9205C041700AD83B7 /* RemoteControlWithUndo.cpp */,
				B6030BCA205C041700AD83B7 /* RemoteControlWithUndo.hpp */,
				B6030BB4205BFE3200AD83B7 /* Stereo.cpp */,
				B6030BB5205BFE3200AD83B7 /* Stereo.hpp */,
				B6030BBB205BFE5000AD83B7 /* StereoOffCommand.hpp */,
				B6030BB8205BFE4400AD83B7 /* StereoOnCommand.hpp */,
				B6030BBD205BFE6600AD83B7 /* StereoOnWithCDCommand.cpp */,
				B6030BBE205BFE6600AD83B7 /* StereoOnWithCDCommand.hpp */,
				B6030BC0205C03EE00AD83B7 /* TV.cpp */,
				B6030BC1205C03EE00AD83B7 /* TV.hpp */,
				B6030BC4205C03F800AD83B7 /* TVOffCommand.hpp */,
				B6030BC7205C040200AD83B7 /* TVOnCommand.hpp */,
			);
			path = "Command Pattern";
			sourceTree = "<group>";
		};
/* End PBXGroup section */

/* Begin PBXNativeTarget section */
		B694141720273F82008A03E0 /* Command Pattern */ = {
			isa = PBXNativeTarget;
			buildConfigurationList = B694141F20273F82008A03E0 /* Build configuration list for PBXNativeTarget "Command Pattern" */;
			buildPhases = (
				B694141420273F82008A03E0 /* Sources */,
				B694141520273F82008A03E0 /* Frameworks */,
				B694141620273F82008A03E0 /* CopyFiles */,
			);
			buildRules = (
			);
			dependencies = (
			);
			name = "Command Pattern";
			productName = "Command Pattern";
			productReference = B694141820273F82008A03E0 /* Command Pattern */;
			productType = "com.apple.product-type.tool";
		};
/* End PBXNativeTarget section */

/* Begin PBXProject section */
		B694141020273F82008A03E0 /* Project object */ = {
			isa = PBXProject;
			attributes = {
				LastUpgradeCheck = 0930;
				ORGANIZATIONNAME = "Brian Arnold";
				TargetAttributes = {
					B694141720273F82008A03E0 = {
						CreatedOnToolsVersion = 9.3;
						ProvisioningStyle = Automatic;
					};
				};
			};
			buildConfigurationList = B694141320273F82008A03E0 /* Build configuration list for PBXProject "Command Pattern" */;
			compatibilityVersion = "Xcode 8.0";
			developmentRegion = en;
			hasScannedForEncodings = 0;
			knownRegions = (
				en,
			);
			mainGroup = B694140F20273F82008A03E0;
			productRefGroup = B694141920273F82008A03E0 /* Products */;
			projectDirPath = "";
			projectRoot = "";
			targets = (
				B694141720273F82008A03E0 /* Command Pattern */,
			);
		};
/* End PBXProject section */

/* Begin PBXSourcesBuildPhase section */
		B694141420273F82008A03E0 /* Sources */ = {
			isa = PBXSourcesBuildPhase;
			buildActionMask = 2147483647;
			files = (
				B6030BA7205B584800AD83B7 /* Light.cpp in Sources */,
				B694141C20273F82008A03E0 /* main.cpp in Sources */,
				B6030BB6205BFE3200AD83B7 /* Stereo.cpp in Sources */,
				B6030BBF205BFE6600AD83B7 /* StereoOnWithCDCommand.cpp in Sources */,
				B6030BCB205C041700AD83B7 /* RemoteControlWithUndo.cpp in Sources */,
				B6030B98205AF9A000AD83B7 /* GarageDoorCloseCommand.cpp in Sources */,
				B6030BAA205B585A00AD83B7 /* LightDimCommand.cpp in Sources */,
				B6030B9E205B55CC00AD83B7 /* HotTub.cpp in Sources */,
				B6030B8F205ACC3000AD83B7 /* CeilingFan.cpp in Sources */,
				B6030B95205AF98700AD83B7 /* GarageDoor.cpp in Sources */,
				B6030BB3205BE0B300AD83B7 /* MacroCommand.cpp in Sources */,
				B6030B9B205AF9B200AD83B7 /* GarageDoorOpenCommand.cpp in Sources */,
				B6030B92205AD9D400AD83B7 /* CeilingFanCommand.cpp in Sources */,
				B6030BC2205C03EE00AD83B7 /* TV.cpp in Sources */,
			);
			runOnlyForDeploymentPostprocessing = 0;
		};
/* End PBXSourcesBuildPhase section */

/* Begin XCBuildConfiguration section */
		B694141D20273F82008A03E0 /* Debug */ = {
			isa = XCBuildConfiguration;
			buildSettings = {
				ALWAYS_SEARCH_USER_PATHS = NO;
				CLANG_ANALYZER_NONNULL = YES;
				CLANG_ANALYZER_NUMBER_OBJECT_CONVERSION = YES_AGGRESSIVE;
				CLANG_CXX_LANGUAGE_STANDARD = "gnu++14";
				CLANG_CXX_LIBRARY = "libc++";
				CLANG_ENABLE_MODULES = YES;
				CLANG_ENABLE_OBJC_ARC = YES;
				CLANG_ENABLE_OBJC_WEAK = YES;
				CLANG_WARN_BLOCK_CAPTURE_AUTORELEASING = YES;
				CLANG_WARN_BOOL_CONVERSION = YES;
				CLANG_WARN_COMMA = YES;
				CLANG_WARN_CONSTANT_CONVERSION = YES;
				CLANG_WARN_DEPRECATED_OBJC_IMPLEMENTATIONS = YES;
				CLANG_WARN_DIRECT_OBJC_ISA_USAGE = YES_ERROR;
				CLANG_WARN_DOCUMENTATION_COMMENTS = YES;
				CLANG_WARN_EMPTY_BODY = YES;
				CLANG_WARN_ENUM_CONVERSION = YES;
				CLANG_WARN_INFINITE_RECURSION = YES;
				CLANG_WARN_INT_CONVERSION = YES;
				CLANG_WARN_NON_LITERAL_NULL_CONVERSION = YES;
				CLANG_WARN_OBJC_IMPLICIT_RETAIN_SELF = YES;
				CLANG_WARN_OBJC_LITERAL_CONVERSION = YES;
				CLANG_WARN_OBJC_ROOT_CLASS = YES_ERROR;
				CLANG_WARN_RANGE_LOOP_ANALYSIS = YES;
				CLANG_WARN_STRICT_PROTOTYPES = YES;
				CLANG_WARN_SUSPICIOUS_MOVE = YES;
				CLANG_WARN_UNGUARDED_AVAILABILITY = YES_AGGRESSIVE;
				CLANG_WARN_UNREACHABLE_CODE = YES;
				CLANG_WARN__DUPLICATE_METHOD_MATCH = YES;
				CODE_SIGN_IDENTITY = "-";
				COPY_PHASE_STRIP = NO;
				DEBUG_INFORMATION_FORMAT = dwarf;
				ENABLE_STRICT_OBJC_MSGSEND = YES;
				ENABLE_TESTABILITY = YES;
				GCC_C_LANGUAGE_STANDARD = gnu11;
				GCC_DYNAMIC_NO_PIC = NO;
				GCC_NO_COMMON_BLOCKS = YES;
				GCC_OPTIMIZATION_LEVEL = 0;
				GCC_PREPROCESSOR_DEFINITIONS = (
					"DEBUG=1",
					"$(inherited)",
				);
				GCC_WARN_64_TO_32_BIT_CONVERSION = YES;
				GCC_WARN_ABOUT_RETURN_TYPE = YES_ERROR;
				GCC_WARN_UNDECLARED_SELECTOR = YES;
				GCC_WARN_UNINITIALIZED_AUTOS = YES_AGGRESSIVE;
				GCC_WARN_UNUSED_FUNCTION = YES;
				GCC_WARN_UNUSED_VARIABLE = YES;
				MACOSX_DEPLOYMENT_TARGET = 10.13;
				MTL_ENABLE_DEBUG_INFO = YES;
				ONLY_ACTIVE_ARCH = YES;
				SDKROOT = macosx;
			};
			name = Debug;
		};
		B694141E20273F82008A03E0 /* Release */ = {
			isa = XCBuildConfiguration;
			buildSettings = {
				ALWAYS_SEARCH_USER_PATHS = NO;
				CLANG_ANALYZER_NONNULL = YES;
				CLANG_ANALYZER_NUMBER_OBJECT_CONVERSION = YES_AGGRESSIVE;
				CLANG_CXX_LANGUAGE_STANDARD = "gnu++14";
				CLANG_CXX_LIBRARY = "libc++";
				CLANG_ENABLE_MODULES = YES;
				CLANG_ENABLE_OBJC_ARC = YES;
				CLANG_ENABLE_OBJC_WEAK = YES;
				CLANG_WARN_BLOCK_CAPTURE_AUTORELEASING = YES;
				CLANG_WARN_BOOL_CONVERSION = YES;
				CLANG_WARN_COMMA = YES;
				CLANG_WARN_CONSTANT_CONVERSION = YES;
				CLANG_WARN_DEPRECATED_OBJC_IMPLEMENTATIONS = YES;
				CLANG_WARN_DIRECT_OBJC_ISA_USAGE = YES_ERROR;
				CLANG_WARN_DOCUMENTATION_COMMENTS = YES;
				CLANG_WARN_EMPTY_BODY = YES;
				CLANG_WARN_ENUM_CONVERSION = YES;
				CLANG_WARN_INFINITE_RECURSION = YES;
				CLANG_WARN_INT_CONVERSION = YES;
				CLANG_WARN_NON_LITERAL_NULL_CONVERSION = YES;
				CLANG_WARN_OBJC_IMPLICIT_RETAIN_SELF = YES;
				CLANG_WARN_OBJC_LITERAL_CONVERSION = YES;
				CLANG_WARN_OBJC_ROOT_CLASS = YES_ERROR;
				CLANG_WARN_RANGE_LOOP_ANALYSIS = YES;
				CLANG_WARN_STRICT_PROTOTYPES = YES;
				CLANG_WARN_SUSPICIOUS_MOVE = YES;
				CLANG_WARN_UNGUARDED_AVAILABILITY = YES_AGGRESSIVE;
				CLANG_WARN_UNREACHABLE_CODE = YES;
				CLANG_WARN__DUPLICATE_METHOD_MATCH = YES;
				CODE_SIGN_IDENTITY = "-";
				COPY_PHASE_STRIP = NO;
				DEBUG_INFORMATION_FORMAT = "dwarf-with-dsym";
				ENABLE_NS_ASSERTIONS = NO;
				ENABLE_STRICT_OBJC_MSGSEND = YES;
				GCC_C_LANGUAGE_STANDARD = gnu11;
				GCC_NO_COMMON_BLOCKS = YES;
				GCC_WARN_64_TO_32_BIT_CONVERSION = YES;
				GCC_WARN_ABOUT_RETURN_TYPE = YES_ERROR;
				GCC_WARN_UNDECLARED_SELECTOR = YES;
				GCC_WARN_UNINITIALIZED_AUTOS = YES_AGGRESSIVE;
				GCC_WARN_UNUSED_FUNCTION = YES;
				GCC_WARN_UNUSED_VARIABLE = YES;
				MACOSX_DEPLOYMENT_TARGET = 10.13;
				MTL_ENABLE_DEBUG_INFO = NO;
				SDKROOT = macosx;
			};
			name = Release;
		};
		B694142020273F82008A03E0 /* Debug */ = {
			isa = XCBuildConfiguration;
			buildSettings = {
				CODE_SIGN_STYLE = Automatic;
				PRODUCT_NAME = "$(TARGET_NAME)";
			};
			name = Debug;
		};
		B694142120273F82008A03E0 /* Release */ = {
			isa = XCBuildConfiguration;
			buildSettings = {
				CODE_SIGN_STYLE = Automatic;
				PRODUCT_NAME = "$(TARGET_NAME)";
			};
			name = Release;
		};
/* End XCBuildConfiguration section */

/* Begin XCConfigurationList section */
		B694141320273F82008A03E0 /* Build configuration list for PBXProject "Command Pattern" */ = {
			isa = XCConfigurationList;
			buildConfigurations = (
				B694141D20273F82008A03E0 /* Debug */,
				B694141E20273F82008A03E0 /* Release */,
			);
			defaultConfigurationIsVisible = 0;
			defaultConfigurationName = Release;
		};
		B694141F20273F82008A03E0 /* Build configuration list for PBXNativeTarget "Command Pattern" */ = {
			isa = XCConfigurationList;
			buildConfigurations = (
				B694142020273F82008A03E0 /* Debug */,
				B694142120273F82008A03E0 /* Release */,
			);
			defaultConfigurationIsVisible = 0;
			defaultConfigurationName = Release;
		};
/* End XCConfigurationList section */
	};
	rootObject = B694141020273F82008A03E0 /* Project object */;
}
